// !$*UTF8*$!
{
	archiveVersion = 1;
	classes = {
	};
	objectVersion = 50;
	objects = {

/* Begin PBXBuildFile section */
		26602E6E21DD65CD00FBECB1 /* SearchableRecord.swift in Sources */ = {isa = PBXBuildFile; fileRef = 26602E6D21DD65CD00FBECB1 /* SearchableRecord.swift */; };
		26602E7021DD76EA00FBECB1 /* PhotoSelectViewController.swift in Sources */ = {isa = PBXBuildFile; fileRef = 26602E6F21DD76EA00FBECB1 /* PhotoSelectViewController.swift */; };
		26602E7821DED29100FBECB1 /* UIViewControllerExtension.swift in Sources */ = {isa = PBXBuildFile; fileRef = 26602E7721DED29100FBECB1 /* UIViewControllerExtension.swift */; };
		26CD767221DBF06900511D22 /* AppDelegate.swift in Sources */ = {isa = PBXBuildFile; fileRef = 26CD767121DBF06900511D22 /* AppDelegate.swift */; };
		26CD767721DBF06900511D22 /* Main.storyboard in Resources */ = {isa = PBXBuildFile; fileRef = 26CD767521DBF06900511D22 /* Main.storyboard */; };
		26CD767921DBF06A00511D22 /* Assets.xcassets in Resources */ = {isa = PBXBuildFile; fileRef = 26CD767821DBF06A00511D22 /* Assets.xcassets */; };
		26CD767C21DBF06A00511D22 /* LaunchScreen.storyboard in Resources */ = {isa = PBXBuildFile; fileRef = 26CD767A21DBF06A00511D22 /* LaunchScreen.storyboard */; };
		26CD768621DBF07B00511D22 /* CloudKit.framework in Frameworks */ = {isa = PBXBuildFile; fileRef = 26CD768521DBF07B00511D22 /* CloudKit.framework */; };
		26CD768821DBF27B00511D22 /* PostListTableViewController.swift in Sources */ = {isa = PBXBuildFile; fileRef = 26CD768721DBF27B00511D22 /* PostListTableViewController.swift */; };
		26CD768B21DBF2EE00511D22 /* PostDetailTableViewController.swift in Sources */ = {isa = PBXBuildFile; fileRef = 26CD768A21DBF2EE00511D22 /* PostDetailTableViewController.swift */; };
		26CD768D21DBF32700511D22 /* AddPostTableViewController.swift in Sources */ = {isa = PBXBuildFile; fileRef = 26CD768C21DBF32700511D22 /* AddPostTableViewController.swift */; };
		26CD768F21DBF35D00511D22 /* Post.swift in Sources */ = {isa = PBXBuildFile; fileRef = 26CD768E21DBF35D00511D22 /* Post.swift */; };
		26CD769321DBF5A600511D22 /* Comment.swift in Sources */ = {isa = PBXBuildFile; fileRef = 26CD769221DBF5A600511D22 /* Comment.swift */; };
		26CD769521DBF72300511D22 /* PostController.swift in Sources */ = {isa = PBXBuildFile; fileRef = 26CD769421DBF72300511D22 /* PostController.swift */; };
		26CD769A21DC09B600511D22 /* PostTableViewCell.swift in Sources */ = {isa = PBXBuildFile; fileRef = 26CD769921DC09B600511D22 /* PostTableViewCell.swift */; };
/* End PBXBuildFile section */

/* Begin PBXFileReference section */
		26602E6D21DD65CD00FBECB1 /* SearchableRecord.swift */ = {isa = PBXFileReference; lastKnownFileType = sourcecode.swift; path = SearchableRecord.swift; sourceTree = "<group>"; };
		26602E6F21DD76EA00FBECB1 /* PhotoSelectViewController.swift */ = {isa = PBXFileReference; lastKnownFileType = sourcecode.swift; path = PhotoSelectViewController.swift; sourceTree = "<group>"; };
		26602E7721DED29100FBECB1 /* UIViewControllerExtension.swift */ = {isa = PBXFileReference; lastKnownFileType = sourcecode.swift; path = UIViewControllerExtension.swift; sourceTree = "<group>"; };
		26CD766E21DBF06900511D22 /* Timeline.app */ = {isa = PBXFileReference; explicitFileType = wrapper.application; includeInIndex = 0; path = Timeline.app; sourceTree = BUILT_PRODUCTS_DIR; };
		26CD767121DBF06900511D22 /* AppDelegate.swift */ = {isa = PBXFileReference; lastKnownFileType = sourcecode.swift; path = AppDelegate.swift; sourceTree = "<group>"; };
		26CD767621DBF06900511D22 /* Base */ = {isa = PBXFileReference; lastKnownFileType = file.storyboard; name = Base; path = Base.lproj/Main.storyboard; sourceTree = "<group>"; };
		26CD767821DBF06A00511D22 /* Assets.xcassets */ = {isa = PBXFileReference; lastKnownFileType = folder.assetcatalog; path = Assets.xcassets; sourceTree = "<group>"; };
		26CD767B21DBF06A00511D22 /* Base */ = {isa = PBXFileReference; lastKnownFileType = file.storyboard; name = Base; path = Base.lproj/LaunchScreen.storyboard; sourceTree = "<group>"; };
		26CD767D21DBF06A00511D22 /* Info.plist */ = {isa = PBXFileReference; lastKnownFileType = text.plist.xml; path = Info.plist; sourceTree = "<group>"; };
		26CD768321DBF07900511D22 /* Timeline.entitlements */ = {isa = PBXFileReference; lastKnownFileType = text.plist.entitlements; path = Timeline.entitlements; sourceTree = "<group>"; };
		26CD768521DBF07B00511D22 /* CloudKit.framework */ = {isa = PBXFileReference; lastKnownFileType = wrapper.framework; name = CloudKit.framework; path = System/Library/Frameworks/CloudKit.framework; sourceTree = SDKROOT; };
		26CD768721DBF27B00511D22 /* PostListTableViewController.swift */ = {isa = PBXFileReference; lastKnownFileType = sourcecode.swift; path = PostListTableViewController.swift; sourceTree = "<group>"; };
		26CD768A21DBF2EE00511D22 /* PostDetailTableViewController.swift */ = {isa = PBXFileReference; lastKnownFileType = sourcecode.swift; path = PostDetailTableViewController.swift; sourceTree = "<group>"; };
		26CD768C21DBF32700511D22 /* AddPostTableViewController.swift */ = {isa = PBXFileReference; lastKnownFileType = sourcecode.swift; path = AddPostTableViewController.swift; sourceTree = "<group>"; };
		26CD768E21DBF35D00511D22 /* Post.swift */ = {isa = PBXFileReference; lastKnownFileType = sourcecode.swift; path = Post.swift; sourceTree = "<group>"; };
		26CD769221DBF5A600511D22 /* Comment.swift */ = {isa = PBXFileReference; lastKnownFileType = sourcecode.swift; path = Comment.swift; sourceTree = "<group>"; };
		26CD769421DBF72300511D22 /* PostController.swift */ = {isa = PBXFileReference; lastKnownFileType = sourcecode.swift; path = PostController.swift; sourceTree = "<group>"; };
		26CD769921DC09B600511D22 /* PostTableViewCell.swift */ = {isa = PBXFileReference; lastKnownFileType = sourcecode.swift; path = PostTableViewCell.swift; sourceTree = "<group>"; };
/* End PBXFileReference section */

/* Begin PBXFrameworksBuildPhase section */
		26CD766B21DBF06900511D22 /* Frameworks */ = {
			isa = PBXFrameworksBuildPhase;
			buildActionMask = 2147483647;
			files = (
				26CD768621DBF07B00511D22 /* CloudKit.framework in Frameworks */,
			);
			runOnlyForDeploymentPostprocessing = 0;
		};
/* End PBXFrameworksBuildPhase section */

/* Begin PBXGroup section */
		26CD766521DBF06900511D22 = {
			isa = PBXGroup;
			children = (
				26CD767021DBF06900511D22 /* Timeline */,
				26CD766F21DBF06900511D22 /* Products */,
				26CD768421DBF07B00511D22 /* Frameworks */,
			);
			sourceTree = "<group>";
		};
		26CD766F21DBF06900511D22 /* Products */ = {
			isa = PBXGroup;
			children = (
				26CD766E21DBF06900511D22 /* Timeline.app */,
			);
			name = Products;
			sourceTree = "<group>";
		};
		26CD767021DBF06900511D22 /* Timeline */ = {
			isa = PBXGroup;
			children = (
				26CD768321DBF07900511D22 /* Timeline.entitlements */,
				26CD767121DBF06900511D22 /* AppDelegate.swift */,
				26CD767521DBF06900511D22 /* Main.storyboard */,
				26CD767821DBF06A00511D22 /* Assets.xcassets */,
				26CD767A21DBF06A00511D22 /* LaunchScreen.storyboard */,
				26CD767D21DBF06A00511D22 /* Info.plist */,
				26CD768921DBF28000511D22 /* ViewControllers */,
				26CD769021DBF36200511D22 /* Models */,
				26CD769621DBF72900511D22 /* ModelControllers */,
				26CD769B21DC09BA00511D22 /* View */,
				26602E7721DED29100FBECB1 /* UIViewControllerExtension.swift */,
			);
			path = Timeline;
			sourceTree = "<group>";
		};
		26CD768421DBF07B00511D22 /* Frameworks */ = {
			isa = PBXGroup;
			children = (
				26CD768521DBF07B00511D22 /* CloudKit.framework */,
			);
			name = Frameworks;
			sourceTree = "<group>";
		};
		26CD768921DBF28000511D22 /* ViewControllers */ = {
			isa = PBXGroup;
			children = (
				26CD768721DBF27B00511D22 /* PostListTableViewController.swift */,
				26CD768A21DBF2EE00511D22 /* PostDetailTableViewController.swift */,
				26CD768C21DBF32700511D22 /* AddPostTableViewController.swift */,
				26602E6F21DD76EA00FBECB1 /* PhotoSelectViewController.swift */,
			);
			path = ViewControllers;
			sourceTree = "<group>";
		};
		26CD769021DBF36200511D22 /* Models */ = {
			isa = PBXGroup;
			children = (
				26CD768E21DBF35D00511D22 /* Post.swift */,
				26CD769221DBF5A600511D22 /* Comment.swift */,
				26602E6D21DD65CD00FBECB1 /* SearchableRecord.swift */,
			);
			path = Models;
			sourceTree = "<group>";
		};
		26CD769621DBF72900511D22 /* ModelControllers */ = {
			isa = PBXGroup;
			children = (
				26CD769421DBF72300511D22 /* PostController.swift */,
			);
			path = ModelControllers;
			sourceTree = "<group>";
		};
		26CD769B21DC09BA00511D22 /* View */ = {
			isa = PBXGroup;
			children = (
				26CD769921DC09B600511D22 /* PostTableViewCell.swift */,
			);
			path = View;
			sourceTree = "<group>";
		};
/* End PBXGroup section */

/* Begin PBXNativeTarget section */
		26CD766D21DBF06900511D22 /* Timeline */ = {
			isa = PBXNativeTarget;
			buildConfigurationList = 26CD768021DBF06A00511D22 /* Build configuration list for PBXNativeTarget "Timeline" */;
			buildPhases = (
				26CD766A21DBF06900511D22 /* Sources */,
				26CD766B21DBF06900511D22 /* Frameworks */,
				26CD766C21DBF06900511D22 /* Resources */,
			);
			buildRules = (
			);
			dependencies = (
			);
			name = Timeline;
			productName = Timeline;
			productReference = 26CD766E21DBF06900511D22 /* Timeline.app */;
			productType = "com.apple.product-type.application";
		};
/* End PBXNativeTarget section */

/* Begin PBXProject section */
		26CD766621DBF06900511D22 /* Project object */ = {
			isa = PBXProject;
			attributes = {
				LastSwiftUpdateCheck = 1010;
				LastUpgradeCheck = 1010;
				ORGANIZATIONNAME = Brady;
				TargetAttributes = {
					26CD766D21DBF06900511D22 = {
						CreatedOnToolsVersion = 10.1;
						SystemCapabilities = {
							com.apple.Push = {
								enabled = 1;
							};
							com.apple.iCloud = {
								enabled = 1;
							};
						};
					};
				};
			};
			buildConfigurationList = 26CD766921DBF06900511D22 /* Build configuration list for PBXProject "Timeline" */;
			compatibilityVersion = "Xcode 9.3";
			developmentRegion = en;
			hasScannedForEncodings = 0;
			knownRegions = (
				en,
				Base,
			);
			mainGroup = 26CD766521DBF06900511D22;
			productRefGroup = 26CD766F21DBF06900511D22 /* Products */;
			projectDirPath = "";
			projectRoot = "";
			targets = (
				26CD766D21DBF06900511D22 /* Timeline */,
			);
		};
/* End PBXProject section */

/* Begin PBXResourcesBuildPhase section */
		26CD766C21DBF06900511D22 /* Resources */ = {
			isa = PBXResourcesBuildPhase;
			buildActionMask = 2147483647;
			files = (
				26CD767C21DBF06A00511D22 /* LaunchScreen.storyboard in Resources */,
				26CD767921DBF06A00511D22 /* Assets.xcassets in Resources */,
				26CD767721DBF06900511D22 /* Main.storyboard in Resources */,
			);
			runOnlyForDeploymentPostprocessing = 0;
		};
/* End PBXResourcesBuildPhase section */

/* Begin PBXSourcesBuildPhase section */
		26CD766A21DBF06900511D22 /* Sources */ = {
			isa = PBXSourcesBuildPhase;
			buildActionMask = 2147483647;
			files = (
				26CD767221DBF06900511D22 /* AppDelegate.swift in Sources */,
				26CD769321DBF5A600511D22 /* Comment.swift in Sources */,
				26602E6E21DD65CD00FBECB1 /* SearchableRecord.swift in Sources */,
				26CD768821DBF27B00511D22 /* PostListTableViewController.swift in Sources */,
				26CD769A21DC09B600511D22 /* PostTableViewCell.swift in Sources */,
				26CD768D21DBF32700511D22 /* AddPostTableViewController.swift in Sources */,
				26CD769521DBF72300511D22 /* PostController.swift in Sources */,
				26602E7021DD76EA00FBECB1 /* PhotoSelectViewController.swift in Sources */,
				26CD768B21DBF2EE00511D22 /* PostDetailTableViewController.swift in Sources */,
				26602E7821DED29100FBECB1 /* UIViewControllerExtension.swift in Sources */,
				26CD768F21DBF35D00511D22 /* Post.swift in Sources */,
			);
			runOnlyForDeploymentPostprocessing = 0;
		};
/* End PBXSourcesBuildPhase section */

/* Begin PBXVariantGroup section */
		26CD767521DBF06900511D22 /* Main.storyboard */ = {
			isa = PBXVariantGroup;
			children = (
				26CD767621DBF06900511D22 /* Base */,
			);
			name = Main.storyboard;
			sourceTree = "<group>";
		};
		26CD767A21DBF06A00511D22 /* LaunchScreen.storyboard */ = {
			isa = PBXVariantGroup;
			children = (
				26CD767B21DBF06A00511D22 /* Base */,
			);
			name = LaunchScreen.storyboard;
			sourceTree = "<group>";
		};
/* End PBXVariantGroup section */

/* Begin XCBuildConfiguration section */
		26CD767E21DBF06A00511D22 /* Debug */ = {
			isa = XCBuildConfiguration;
			buildSettings = {
				ALWAYS_SEARCH_USER_PATHS = NO;
				CLANG_ANALYZER_NONNULL = YES;
				CLANG_ANALYZER_NUMBER_OBJECT_CONVERSION = YES_AGGRESSIVE;
				CLANG_CXX_LANGUAGE_STANDARD = "gnu++14";
				CLANG_CXX_LIBRARY = "libc++";
				CLANG_ENABLE_MODULES = YES;
				CLANG_ENABLE_OBJC_ARC = YES;
				CLANG_ENABLE_OBJC_WEAK = YES;
				CLANG_WARN_BLOCK_CAPTURE_AUTORELEASING = YES;
				CLANG_WARN_BOOL_CONVERSION = YES;
				CLANG_WARN_COMMA = YES;
				CLANG_WARN_CONSTANT_CONVERSION = YES;
				CLANG_WARN_DEPRECATED_OBJC_IMPLEMENTATIONS = YES;
				CLANG_WARN_DIRECT_OBJC_ISA_USAGE = YES_ERROR;
				CLANG_WARN_DOCUMENTATION_COMMENTS = YES;
				CLANG_WARN_EMPTY_BODY = YES;
				CLANG_WARN_ENUM_CONVERSION = YES;
				CLANG_WARN_INFINITE_RECURSION = YES;
				CLANG_WARN_INT_CONVERSION = YES;
				CLANG_WARN_NON_LITERAL_NULL_CONVERSION = YES;
				CLANG_WARN_OBJC_IMPLICIT_RETAIN_SELF = YES;
				CLANG_WARN_OBJC_LITERAL_CONVERSION = YES;
				CLANG_WARN_OBJC_ROOT_CLASS = YES_ERROR;
				CLANG_WARN_RANGE_LOOP_ANALYSIS = YES;
				CLANG_WARN_STRICT_PROTOTYPES = YES;
				CLANG_WARN_SUSPICIOUS_MOVE = YES;
				CLANG_WARN_UNGUARDED_AVAILABILITY = YES_AGGRESSIVE;
				CLANG_WARN_UNREACHABLE_CODE = YES;
				CLANG_WARN__DUPLICATE_METHOD_MATCH = YES;
				CODE_SIGN_IDENTITY = "iPhone Developer";
				COPY_PHASE_STRIP = NO;
				DEBUG_INFORMATION_FORMAT = dwarf;
				ENABLE_STRICT_OBJC_MSGSEND = YES;
				ENABLE_TESTABILITY = YES;
				GCC_C_LANGUAGE_STANDARD = gnu11;
				GCC_DYNAMIC_NO_PIC = NO;
				GCC_NO_COMMON_BLOCKS = YES;
				GCC_OPTIMIZATION_LEVEL = 0;
				GCC_PREPROCESSOR_DEFINITIONS = (
					"DEBUG=1",
					"$(inherited)",
				);
				GCC_WARN_64_TO_32_BIT_CONVERSION = YES;
				GCC_WARN_ABOUT_RETURN_TYPE = YES_ERROR;
				GCC_WARN_UNDECLARED_SELECTOR = YES;
				GCC_WARN_UNINITIALIZED_AUTOS = YES_AGGRESSIVE;
				GCC_WARN_UNUSED_FUNCTION = YES;
				GCC_WARN_UNUSED_VARIABLE = YES;
				IPHONEOS_DEPLOYMENT_TARGET = 12.1;
				MTL_ENABLE_DEBUG_INFO = INCLUDE_SOURCE;
				MTL_FAST_MATH = YES;
				ONLY_ACTIVE_ARCH = YES;
				SDKROOT = iphoneos;
				SWIFT_ACTIVE_COMPILATION_CONDITIONS = DEBUG;
				SWIFT_OPTIMIZATION_LEVEL = "-Onone";
			};
			name = Debug;
		};
		26CD767F21DBF06A00511D22 /* Release */ = {
			isa = XCBuildConfiguration;
			buildSettings = {
				ALWAYS_SEARCH_USER_PATHS = NO;
				CLANG_ANALYZER_NONNULL = YES;
				CLANG_ANALYZER_NUMBER_OBJECT_CONVERSION = YES_AGGRESSIVE;
				CLANG_CXX_LANGUAGE_STANDARD = "gnu++14";
				CLANG_CXX_LIBRARY = "libc++";
				CLANG_ENABLE_MODULES = YES;
				CLANG_ENABLE_OBJC_ARC = YES;
				CLANG_ENABLE_OBJC_WEAK = YES;
				CLANG_WARN_BLOCK_CAPTURE_AUTORELEASING = YES;
				CLANG_WARN_BOOL_CONVERSION = YES;
				CLANG_WARN_COMMA = YES;
				CLANG_WARN_CONSTANT_CONVERSION = YES;
				CLANG_WARN_DEPRECATED_OBJC_IMPLEMENTATIONS = YES;
				CLANG_WARN_DIRECT_OBJC_ISA_USAGE = YES_ERROR;
				CLANG_WARN_DOCUMENTATION_COMMENTS = YES;
				CLANG_WARN_EMPTY_BODY = YES;
				CLANG_WARN_ENUM_CONVERSION = YES;
				CLANG_WARN_INFINITE_RECURSION = YES;
				CLANG_WARN_INT_CONVERSION = YES;
				CLANG_WARN_NON_LITERAL_NULL_CONVERSION = YES;
				CLANG_WARN_OBJC_IMPLICIT_RETAIN_SELF = YES;
				CLANG_WARN_OBJC_LITERAL_CONVERSION = YES;
				CLANG_WARN_OBJC_ROOT_CLASS = YES_ERROR;
				CLANG_WARN_RANGE_LOOP_ANALYSIS = YES;
				CLANG_WARN_STRICT_PROTOTYPES = YES;
				CLANG_WARN_SUSPICIOUS_MOVE = YES;
				CLANG_WARN_UNGUARDED_AVAILABILITY = YES_AGGRESSIVE;
				CLANG_WARN_UNREACHABLE_CODE = YES;
				CLANG_WARN__DUPLICATE_METHOD_MATCH = YES;
				CODE_SIGN_IDENTITY = "iPhone Developer";
				COPY_PHASE_STRIP = NO;
				DEBUG_INFORMATION_FORMAT = "dwarf-with-dsym";
				ENABLE_NS_ASSERTIONS = NO;
				ENABLE_STRICT_OBJC_MSGSEND = YES;
				GCC_C_LANGUAGE_STANDARD = gnu11;
				GCC_NO_COMMON_BLOCKS = YES;
				GCC_WARN_64_TO_32_BIT_CONVERSION = YES;
				GCC_WARN_ABOUT_RETURN_TYPE = YES_ERROR;
				GCC_WARN_UNDECLARED_SELECTOR = YES;
				GCC_WARN_UNINITIALIZED_AUTOS = YES_AGGRESSIVE;
				GCC_WARN_UNUSED_FUNCTION = YES;
				GCC_WARN_UNUSED_VARIABLE = YES;
				IPHONEOS_DEPLOYMENT_TARGET = 12.1;
				MTL_ENABLE_DEBUG_INFO = NO;
				MTL_FAST_MATH = YES;
				SDKROOT = iphoneos;
				SWIFT_COMPILATION_MODE = wholemodule;
				SWIFT_OPTIMIZATION_LEVEL = "-O";
				VALIDATE_PRODUCT = YES;
			};
			name = Release;
		};
		26CD768121DBF06A00511D22 /* Debug */ = {
			isa = XCBuildConfiguration;
			buildSettings = {
				ASSETCATALOG_COMPILER_APPICON_NAME = AppIcon;
				CODE_SIGN_ENTITLEMENTS = Timeline/Timeline.entitlements;
				CODE_SIGN_STYLE = Automatic;
				DEVELOPMENT_TEAM = D7Q6ZCPJ6Q;
				INFOPLIST_FILE = Timeline/Info.plist;
				LD_RUNPATH_SEARCH_PATHS = (
					"$(inherited)",
					"@executable_path/Frameworks",
				);
				PRODUCT_BUNDLE_IDENTIFIER = com.bradybentley.Timeline;
				PRODUCT_NAME = "$(TARGET_NAME)";
				SWIFT_VERSION = 4.2;
				TARGETED_DEVICE_FAMILY = "1,2";
			};
			name = Debug;
		};
		26CD768221DBF06A00511D22 /* Release */ = {
			isa = XCBuildConfiguration;
			buildSettings = {
				ASSETCATALOG_COMPILER_APPICON_NAME = AppIcon;
				CODE_SIGN_ENTITLEMENTS = Timeline/Timeline.entitlements;
				CODE_SIGN_STYLE = Automatic;
				DEVELOPMENT_TEAM = D7Q6ZCPJ6Q;
				INFOPLIST_FILE = Timeline/Info.plist;
				LD_RUNPATH_SEARCH_PATHS = (
					"$(inherited)",
					"@executable_path/Frameworks",
				);
				PRODUCT_BUNDLE_IDENTIFIER = com.bradybentley.Timeline;
				PRODUCT_NAME = "$(TARGET_NAME)";
				SWIFT_VERSION = 4.2;
				TARGETED_DEVICE_FAMILY = "1,2";
			};
			name = Release;
		};
/* End XCBuildConfiguration section */

/* Begin XCConfigurationList section */
		26CD766921DBF06900511D22 /* Build configuration list for PBXProject "Timeline" */ = {
			isa = XCConfigurationList;
			buildConfigurations = (
				26CD767E21DBF06A00511D22 /* Debug */,
				26CD767F21DBF06A00511D22 /* Release */,
			);
			defaultConfigurationIsVisible = 0;
			defaultConfigurationName = Release;
		};
		26CD768021DBF06A00511D22 /* Build configuration list for PBXNativeTarget "Timeline" */ = {
			isa = XCConfigurationList;
			buildConfigurations = (
				26CD768121DBF06A00511D22 /* Debug */,
				26CD768221DBF06A00511D22 /* Release */,
			);
			defaultConfigurationIsVisible = 0;
			defaultConfigurationName = Release;
		};
/* End XCConfigurationList section */
	};
	rootObject = 26CD766621DBF06900511D22 /* Project object */;
}
